
Microsoft Visual Studio Solution File, Format Version 12.00
# Visual Studio 2013
VisualStudioVersion = 12.0.21005.1
MinimumVisualStudioVersion = 10.0.40219.1
Project("{FAE04EC0-301F-11D3-BF4B-00C04F79EFBC}") = "DBFConvert", "DBFConvert\DBFConvert.csproj", "{6AC1114D-AFF2-4D49-B189-86679346B800}"
EndProject
Project("{6141683F-8A12-4E36-9623-2EB02B2C2303}") = "DBFConvertSetup", "DBFConvertSetup\DBFConvertSetup.isproj", "{B772F5A8-D7BF-469C-9EE3-24B637635BDC}"
EndProject
Global
	GlobalSection(SolutionConfigurationPlatforms) = preSolution
		CD_ROM|Any CPU = CD_ROM|Any CPU
		CD_ROM|x86 = CD_ROM|x86
		Debug|Any CPU = Debug|Any CPU
		Debug|x86 = Debug|x86
		DVD-5|Any CPU = DVD-5|Any CPU
		DVD-5|x86 = DVD-5|x86
		Release|Any CPU = Release|Any CPU
		Release|x86 = Release|x86
		SingleImage|Any CPU = SingleImage|Any CPU
		SingleImage|x86 = SingleImage|x86
	EndGlobalSection
	GlobalSection(ProjectConfigurationPlatforms) = postSolution
		{6AC1114D-AFF2-4D49-B189-86679346B800}.CD_ROM|Any CPU.ActiveCfg = Release|Any CPU
		{6AC1114D-AFF2-4D49-B189-86679346B800}.CD_ROM|Any CPU.Build.0 = Release|Any CPU
		{6AC1114D-AFF2-4D49-B189-86679346B800}.CD_ROM|x86.ActiveCfg = Release|x86
		{6AC1114D-AFF2-4D49-B189-86679346B800}.CD_ROM|x86.Build.0 = Release|x86
		{6AC1114D-AFF2-4D49-B189-86679346B800}.Debug|Any CPU.ActiveCfg = Debug|Any CPU
		{6AC1114D-AFF2-4D49-B189-86679346B800}.Debug|Any CPU.Build.0 = Debug|Any CPU
		{6AC1114D-AFF2-4D49-B189-86679346B800}.Debug|x86.ActiveCfg = Debug|x86
		{6AC1114D-AFF2-4D49-B189-86679346B800}.Debug|x86.Build.0 = Debug|x86
		{6AC1114D-AFF2-4D49-B189-86679346B800}.DVD-5|Any CPU.ActiveCfg = Debug|Any CPU
		{6AC1114D-AFF2-4D49-B189-86679346B800}.DVD-5|Any CPU.Build.0 = Debug|Any CPU
		{6AC1114D-AFF2-4D49-B189-86679346B800}.DVD-5|x86.ActiveCfg = Debug|x86
		{6AC1114D-AFF2-4D49-B189-86679346B800}.DVD-5|x86.Build.0 = Debug|x86
		{6AC1114D-AFF2-4D49-B189-86679346B800}.Release|Any CPU.ActiveCfg = Release|Any CPU
		{6AC1114D-AFF2-4D49-B189-86679346B800}.Release|Any CPU.Build.0 = Release|Any CPU
		{6AC1114D-AFF2-4D49-B189-86679346B800}.Release|x86.ActiveCfg = Release|x86
		{6AC1114D-AFF2-4D49-B189-86679346B800}.Release|x86.Build.0 = Release|x86
		{6AC1114D-AFF2-4D49-B189-86679346B800}.SingleImage|Any CPU.ActiveCfg = Release|Any CPU
		{6AC1114D-AFF2-4D49-B189-86679346B800}.SingleImage|Any CPU.Build.0 = Release|Any CPU
		{6AC1114D-AFF2-4D49-B189-86679346B800}.SingleImage|x86.ActiveCfg = Release|x86
		{6AC1114D-AFF2-4D49-B189-86679346B800}.SingleImage|x86.Build.0 = Release|x86
		{B772F5A8-D7BF-469C-9EE3-24B637635BDC}.CD_ROM|Any CPU.ActiveCfg = CD_ROM
		{B772F5A8-D7BF-469C-9EE3-24B637635BDC}.CD_ROM|Any CPU.Build.0 = CD_ROM
		{B772F5A8-D7BF-469C-9EE3-24B637635BDC}.CD_ROM|x86.ActiveCfg = CD_ROM
		{B772F5A8-D7BF-469C-9EE3-24B637635BDC}.CD_ROM|x86.Build.0 = CD_ROM
		{B772F5A8-D7BF-469C-9EE3-24B637635BDC}.Debug|Any CPU.ActiveCfg = DVD-5
		{B772F5A8-D7BF-469C-9EE3-24B637635BDC}.Debug|Any CPU.Build.0 = DVD-5
		{B772F5A8-D7BF-469C-9EE3-24B637635BDC}.Debug|x86.ActiveCfg = DVD-5
		{B772F5A8-D7BF-469C-9EE3-24B637635BDC}.Debug|x86.Build.0 = DVD-5
		{B772F5A8-D7BF-469C-9EE3-24B637635BDC}.DVD-5|Any CPU.ActiveCfg = DVD-5
		{B772F5A8-D7BF-469C-9EE3-24B637635BDC}.DVD-5|Any CPU.Build.0 = DVD-5
		{B772F5A8-D7BF-469C-9EE3-24B637635BDC}.DVD-5|x86.ActiveCfg = DVD-5
		{B772F5A8-D7BF-469C-9EE3-24B637635BDC}.DVD-5|x86.Build.0 = DVD-5
		{B772F5A8-D7BF-469C-9EE3-24B637635BDC}.Release|Any CPU.ActiveCfg = SingleImage
		{B772F5A8-D7BF-469C-9EE3-24B637635BDC}.Release|Any CPU.Build.0 = SingleImage
		{B772F5A8-D7BF-469C-9EE3-24B637635BDC}.Release|x86.ActiveCfg = SingleImage
		{B772F5A8-D7BF-469C-9EE3-24B637635BDC}.Release|x86.Build.0 = SingleImage
		{B772F5A8-D7BF-469C-9EE3-24B637635BDC}.SingleImage|Any CPU.ActiveCfg = SingleImage
		{B772F5A8-D7BF-469C-9EE3-24B637635BDC}.SingleImage|Any CPU.Build.0 = SingleImage
		{B772F5A8-D7BF-469C-9EE3-24B637635BDC}.SingleImage|x86.ActiveCfg = SingleImage
		{B772F5A8-D7BF-469C-9EE3-24B637635BDC}.SingleImage|x86.Build.0 = SingleImage
	EndGlobalSection
	GlobalSection(SolutionProperties) = preSolution
		HideSolutionNode = FALSE
	EndGlobalSection
EndGlobal
